
Microsoft Visual Studio Solution File, Format Version 12.00
# Visual Studio Version 17
VisualStudioVersion = 17.14.36429.23
MinimumVisualStudioVersion = 10.0.40219.1
Project("{2150E333-8FDC-42A3-9474-1A3956D46DE8}") = "Task0", "Task0", "{02EA681E-C7D8-13C7-8484-4AC65E1B71E8}"
EndProject
Project("{FAE04EC0-301F-11D3-BF4B-00C04F79EFBC}") = "Tyuiu.KalininaMA.Sprint0.Task0.V0", "Tyuiu.KalininaMA.Sprint0.Task0.V0\Tyuiu.KalininaMA.Sprint0.Task0.V0.csproj", "{2C234FC4-D910-46B4-AB80-3319A788B812}"
EndProject
Project("{2150E333-8FDC-42A3-9474-1A3956D46DE8}") = "Task1", "Task1", "{FAF03F00-54B5-46D2-9B68-729E31025DAD}"
EndProject
Project("{FAE04EC0-301F-11D3-BF4B-00C04F79EFBC}") = "Tyuiu.KalininaMA.Sprint0.Task1.V0", "Tyuiu.KalininaMA.Sprint0.Task1.V0\Tyuiu.KalininaMA.Sprint0.Task1.V0.csproj", "{12DD28A7-BA4C-4F29-9BE5-4AF7B255BF80}"
EndProject
Project("{2150E333-8FDC-42A3-9474-1A3956D46DE8}") = "Task2", "Task2", "{40CF36CA-C262-4E51-BF2F-052CCB49DD59}"
EndProject
Project("{FAE04EC0-301F-11D3-BF4B-00C04F79EFBC}") = "Tyuiu.KalininaMA.Sprint0.Task2.V0", "Tyuiu.KalininaMA.Sprint0.Task2.V0\Tyuiu.KalininaMA.Sprint0.Task2.V0.csproj", "{B313F127-A891-495E-A0A2-215B3C090F40}"
EndProject
Project("{FAE04EC0-301F-11D3-BF4B-00C04F79EFBC}") = "Tyuiu.KalininaMA.Sprint0.Task2.V0.Lib", "Tyuiu.KalininaMA.Sprint0.Task2.V0.Lib\Tyuiu.KalininaMA.Sprint0.Task2.V0.Lib.csproj", "{D27AC879-BBD4-4824-AB5D-237B0CADBB72}"
EndProject
Project("{FAE04EC0-301F-11D3-BF4B-00C04F79EFBC}") = "Tyuiu.KalininaMA.Sprint0.Task2.V0.Test", "Tyuiu.KalininaMA.Sprint0.Task2.V0.Test\Tyuiu.KalininaMA.Sprint0.Task2.V0.Test.csproj", "{373ACDCB-1352-4D1A-B8BE-516DAAAF6B36}"
EndProject
Project("{2150E333-8FDC-42A3-9474-1A3956D46DE8}") = "Task3", "Task3", "{43AA742B-4C7D-499A-9C3F-4B77018F5E84}"
EndProject
Project("{FAE04EC0-301F-11D3-BF4B-00C04F79EFBC}") = "Tyuiu.KalininaMA.Sprint0.Task3.V0", "Tyuiu.KalininaMA.Sprint0.Task3.V0\Tyuiu.KalininaMA.Sprint0.Task3.V0.csproj", "{533097A3-BBA3-4BEF-A270-8E7527EC7BA6}"
EndProject
Project("{FAE04EC0-301F-11D3-BF4B-00C04F79EFBC}") = "Tyuiu.KalininaMA.Sprint0.Task3.V0.Lib", "Tyuiu.KalininaMA.Sprint0.Task3.V0.Lib\Tyuiu.KalininaMA.Sprint0.Task3.V0.Lib.csproj", "{8F27190B-FFB1-4156-A42A-2686F80A0170}"
EndProject
Project("{FAE04EC0-301F-11D3-BF4B-00C04F79EFBC}") = "Tyuiu.KalininaMA.Sprint0.Task3.V0.Test", "Tyuiu.KalininaMA.Sprint0.Task3.V0.Test\Tyuiu.KalininaMA.Sprint0.Task3.V0.Test.csproj", "{4EDDCA59-FBBE-4ADA-893D-72E2ACD657B2}"
EndProject
Project("{2150E333-8FDC-42A3-9474-1A3956D46DE8}") = "Task4", "Task4", "{17BF5133-8867-4D17-B19F-FB6C19F7D0E3}"
EndProject
Project("{FAE04EC0-301F-11D3-BF4B-00C04F79EFBC}") = "Tyuiu.KalininaMA.Sprint0.Task4.V0", "Tyuiu.KalininaMA.Sprint0.Task4.V0\Tyuiu.KalininaMA.Sprint0.Task4.V0.csproj", "{2B00BF32-289B-43CF-B564-F9CEA6D3481D}"
EndProject
Project("{FAE04EC0-301F-11D3-BF4B-00C04F79EFBC}") = "Tyuiu.KalininaMA.Sprint0.Task4.V0.Lib", "Tyuiu.KalininaMA.Sprint0.V0.Lib\Tyuiu.KalininaMA.Sprint0.Task4.V0.Lib.csproj", "{F590EC9A-F1EB-4820-B029-E893C754CF6C}"
EndProject
Project("{FAE04EC0-301F-11D3-BF4B-00C04F79EFBC}") = "Tyuiu.KalininaMA.Sprint0.Task4.V0.Test", "Tyuiu.KalininaMA.Sprint0.V0.Test\Tyuiu.KalininaMA.Sprint0.Task4.V0.Test.csproj", "{8FA86DFA-EE90-40B8-97F8-F93A27316517}"
EndProject
Project("{2150E333-8FDC-42A3-9474-1A3956D46DE8}") = "Task5", "Task5", "{8876FFE6-DB47-4335-AB56-76655D9AA190}"
EndProject
Project("{FAE04EC0-301F-11D3-BF4B-00C04F79EFBC}") = "Tyuiu.KalininaMA.Sprint0.Task5.V0", "Tyuiu.KalininaMA.Sprint0.Task5.V0\Tyuiu.KalininaMA.Sprint0.Task5.V0.csproj", "{DDD95E90-4C14-44C7-A3A2-B431AE06447E}"
EndProject
Project("{FAE04EC0-301F-11D3-BF4B-00C04F79EFBC}") = "Tyuiu.KalininaMA.Sprint0.Task5.V0.Lib", "Tyuiu.KalininaMA.Sprint0.Task5.V0.Lib\Tyuiu.KalininaMA.Sprint0.Task5.V0.Lib.csproj", "{7B9AC6BB-A65D-4985-BEF0-4F2BCCB99AEA}"
EndProject
Project("{FAE04EC0-301F-11D3-BF4B-00C04F79EFBC}") = "Tyuiu.KalininaMA.Sprint0.Task5.V0.Test", "Tyuiu.KalininaMA.Sprint0.Task5.V0.Test\Tyuiu.KalininaMA.Sprint0.Task5.V0.Test.csproj", "{D022D1B7-E975-4DF1-A2D3-34E2D4D71B0F}"
EndProject
Project("{2150E333-8FDC-42A3-9474-1A3956D46DE8}") = "Task6", "Task6", "{AE03354D-6E5A-4EB9-9A9A-30DF6DB6EAD9}"
EndProject
Project("{FAE04EC0-301F-11D3-BF4B-00C04F79EFBC}") = "Tyuiu.KalininaMA.Sprint0.Task6.V0", "Tyuiu.KalininaMA.Sprint0.Task6.V0\Tyuiu.KalininaMA.Sprint0.Task6.V0.csproj", "{75187558-D6B5-40D3-9E14-F747FB65ED3E}"
EndProject
Project("{FAE04EC0-301F-11D3-BF4B-00C04F79EFBC}") = "Tyuiu.KalininaMA.Sprint0.Task6.V0.Lib", "Tyuiu.KalininaMA.Sprint0.Task6.V0.Lib\Tyuiu.KalininaMA.Sprint0.Task6.V0.Lib.csproj", "{795AED07-E664-4FC1-B51C-26CCB6AA38D6}"
EndProject
Project("{FAE04EC0-301F-11D3-BF4B-00C04F79EFBC}") = "Tyuiu.KalininaMA.Sprint0.Task6.V0.Test", "Tyuiu.KalininaMA.Sprint0.Task6.V0.Test\Tyuiu.KalininaMA.Sprint0.Task6.V0.Test.csproj", "{1506BF0E-A0BF-4CB8-B034-A05DCBA8AC9D}"
EndProject
Project("{2150E333-8FDC-42A3-9474-1A3956D46DE8}") = "Task7", "Task7", "{9AC2660F-0885-4250-9323-CA5002CF0E06}"
EndProject
Project("{FAE04EC0-301F-11D3-BF4B-00C04F79EFBC}") = "Tyuiu.KalininaMA.Sprint0.Task7.V0", "Tyuiu.KalininaMA.Sprint0.Task7.V0\Tyuiu.KalininaMA.Sprint0.Task7.V0.csproj", "{0BB25285-E2D4-44C6-BDCF-617A84A9DB8A}"
EndProject
Project("{FAE04EC0-301F-11D3-BF4B-00C04F79EFBC}") = "Tyuiu.KalininaMA.Sprint0.Task7.V0.Lib", "Tyuiu.KalininaMA.Sprint0.Task7.V0.Lib\Tyuiu.KalininaMA.Sprint0.Task7.V0.Lib.csproj", "{91152DA3-31BE-4058-B629-439CB5C3C8EB}"
EndProject
Project("{FAE04EC0-301F-11D3-BF4B-00C04F79EFBC}") = "Tyuiu.KalininaMA.Sprint0.Task7.V0.Test", "Tyuiu.KalininaMA.Sprint0.Task7.V0.Test\Tyuiu.KalininaMA.Sprint0.Task7.V0.Test.csproj", "{F43B0EE0-7E1B-47E9-8FE8-40134E28D7BA}"
EndProject
Global
	GlobalSection(SolutionConfigurationPlatforms) = preSolution
		Debug|Any CPU = Debug|Any CPU
		Release|Any CPU = Release|Any CPU
	EndGlobalSection
	GlobalSection(ProjectConfigurationPlatforms) = postSolution
		{2C234FC4-D910-46B4-AB80-3319A788B812}.Debug|Any CPU.ActiveCfg = Debug|Any CPU
		{2C234FC4-D910-46B4-AB80-3319A788B812}.Debug|Any CPU.Build.0 = Debug|Any CPU
		{2C234FC4-D910-46B4-AB80-3319A788B812}.Release|Any CPU.ActiveCfg = Release|Any CPU
		{2C234FC4-D910-46B4-AB80-3319A788B812}.Release|Any CPU.Build.0 = Release|Any CPU
		{12DD28A7-BA4C-4F29-9BE5-4AF7B255BF80}.Debug|Any CPU.ActiveCfg = Debug|Any CPU
		{12DD28A7-BA4C-4F29-9BE5-4AF7B255BF80}.Debug|Any CPU.Build.0 = Debug|Any CPU
		{12DD28A7-BA4C-4F29-9BE5-4AF7B255BF80}.Release|Any CPU.ActiveCfg = Release|Any CPU
		{12DD28A7-BA4C-4F29-9BE5-4AF7B255BF80}.Release|Any CPU.Build.0 = Release|Any CPU
		{B313F127-A891-495E-A0A2-215B3C090F40}.Debug|Any CPU.ActiveCfg = Debug|Any CPU
		{B313F127-A891-495E-A0A2-215B3C090F40}.Debug|Any CPU.Build.0 = Debug|Any CPU
		{B313F127-A891-495E-A0A2-215B3C090F40}.Release|Any CPU.ActiveCfg = Release|Any CPU
		{B313F127-A891-495E-A0A2-215B3C090F40}.Release|Any CPU.Build.0 = Release|Any CPU
		{D27AC879-BBD4-4824-AB5D-237B0CADBB72}.Debug|Any CPU.ActiveCfg = Debug|Any CPU
		{D27AC879-BBD4-4824-AB5D-237B0CADBB72}.Debug|Any CPU.Build.0 = Debug|Any CPU
		{D27AC879-BBD4-4824-AB5D-237B0CADBB72}.Release|Any CPU.ActiveCfg = Release|Any CPU
		{D27AC879-BBD4-4824-AB5D-237B0CADBB72}.Release|Any CPU.Build.0 = Release|Any CPU
		{373ACDCB-1352-4D1A-B8BE-516DAAAF6B36}.Debug|Any CPU.ActiveCfg = Debug|Any CPU
		{373ACDCB-1352-4D1A-B8BE-516DAAAF6B36}.Debug|Any CPU.Build.0 = Debug|Any CPU
		{373ACDCB-1352-4D1A-B8BE-516DAAAF6B36}.Release|Any CPU.ActiveCfg = Release|Any CPU
		{373ACDCB-1352-4D1A-B8BE-516DAAAF6B36}.Release|Any CPU.Build.0 = Release|Any CPU
		{533097A3-BBA3-4BEF-A270-8E7527EC7BA6}.Debug|Any CPU.ActiveCfg = Debug|Any CPU
		{533097A3-BBA3-4BEF-A270-8E7527EC7BA6}.Debug|Any CPU.Build.0 = Debug|Any CPU
		{533097A3-BBA3-4BEF-A270-8E7527EC7BA6}.Release|Any CPU.ActiveCfg = Release|Any CPU
		{533097A3-BBA3-4BEF-A270-8E7527EC7BA6}.Release|Any CPU.Build.0 = Release|Any CPU
		{8F27190B-FFB1-4156-A42A-2686F80A0170}.Debug|Any CPU.ActiveCfg = Debug|Any CPU
		{8F27190B-FFB1-4156-A42A-2686F80A0170}.Debug|Any CPU.Build.0 = Debug|Any CPU
		{8F27190B-FFB1-4156-A42A-2686F80A0170}.Release|Any CPU.ActiveCfg = Release|Any CPU
		{8F27190B-FFB1-4156-A42A-2686F80A0170}.Release|Any CPU.Build.0 = Release|Any CPU
		{4EDDCA59-FBBE-4ADA-893D-72E2ACD657B2}.Debug|Any CPU.ActiveCfg = Debug|Any CPU
		{4EDDCA59-FBBE-4ADA-893D-72E2ACD657B2}.Debug|Any CPU.Build.0 = Debug|Any CPU
		{4EDDCA59-FBBE-4ADA-893D-72E2ACD657B2}.Release|Any CPU.ActiveCfg = Release|Any CPU
		{4EDDCA59-FBBE-4ADA-893D-72E2ACD657B2}.Release|Any CPU.Build.0 = Release|Any CPU
		{2B00BF32-289B-43CF-B564-F9CEA6D3481D}.Debug|Any CPU.ActiveCfg = Debug|Any CPU
		{2B00BF32-289B-43CF-B564-F9CEA6D3481D}.Debug|Any CPU.Build.0 = Debug|Any CPU
		{2B00BF32-289B-43CF-B564-F9CEA6D3481D}.Release|Any CPU.ActiveCfg = Release|Any CPU
		{2B00BF32-289B-43CF-B564-F9CEA6D3481D}.Release|Any CPU.Build.0 = Release|Any CPU
		{F590EC9A-F1EB-4820-B029-E893C754CF6C}.Debug|Any CPU.ActiveCfg = Debug|Any CPU
		{F590EC9A-F1EB-4820-B029-E893C754CF6C}.Debug|Any CPU.Build.0 = Debug|Any CPU
		{F590EC9A-F1EB-4820-B029-E893C754CF6C}.Release|Any CPU.ActiveCfg = Release|Any CPU
		{F590EC9A-F1EB-4820-B029-E893C754CF6C}.Release|Any CPU.Build.0 = Release|Any CPU
		{8FA86DFA-EE90-40B8-97F8-F93A27316517}.Debug|Any CPU.ActiveCfg = Debug|Any CPU
		{8FA86DFA-EE90-40B8-97F8-F93A27316517}.Debug|Any CPU.Build.0 = Debug|Any CPU
		{8FA86DFA-EE90-40B8-97F8-F93A27316517}.Release|Any CPU.ActiveCfg = Release|Any CPU
		{8FA86DFA-EE90-40B8-97F8-F93A27316517}.Release|Any CPU.Build.0 = Release|Any CPU
		{DDD95E90-4C14-44C7-A3A2-B431AE06447E}.Debug|Any CPU.ActiveCfg = Debug|Any CPU
		{DDD95E90-4C14-44C7-A3A2-B431AE06447E}.Debug|Any CPU.Build.0 = Debug|Any CPU
		{DDD95E90-4C14-44C7-A3A2-B431AE06447E}.Release|Any CPU.ActiveCfg = Release|Any CPU
		{DDD95E90-4C14-44C7-A3A2-B431AE06447E}.Release|Any CPU.Build.0 = Release|Any CPU
		{7B9AC6BB-A65D-4985-BEF0-4F2BCCB99AEA}.Debug|Any CPU.ActiveCfg = Debug|Any CPU
		{7B9AC6BB-A65D-4985-BEF0-4F2BCCB99AEA}.Debug|Any CPU.Build.0 = Debug|Any CPU
		{7B9AC6BB-A65D-4985-BEF0-4F2BCCB99AEA}.Release|Any CPU.ActiveCfg = Release|Any CPU
		{7B9AC6BB-A65D-4985-BEF0-4F2BCCB99AEA}.Release|Any CPU.Build.0 = Release|Any CPU
		{D022D1B7-E975-4DF1-A2D3-34E2D4D71B0F}.Debug|Any CPU.ActiveCfg = Debug|Any CPU
		{D022D1B7-E975-4DF1-A2D3-34E2D4D71B0F}.Debug|Any CPU.Build.0 = Debug|Any CPU
		{D022D1B7-E975-4DF1-A2D3-34E2D4D71B0F}.Release|Any CPU.ActiveCfg = Release|Any CPU
		{D022D1B7-E975-4DF1-A2D3-34E2D4D71B0F}.Release|Any CPU.Build.0 = Release|Any CPU
		{75187558-D6B5-40D3-9E14-F747FB65ED3E}.Debug|Any CPU.ActiveCfg = Debug|Any CPU
		{75187558-D6B5-40D3-9E14-F747FB65ED3E}.Debug|Any CPU.Build.0 = Debug|Any CPU
		{75187558-D6B5-40D3-9E14-F747FB65ED3E}.Release|Any CPU.ActiveCfg = Release|Any CPU
		{75187558-D6B5-40D3-9E14-F747FB65ED3E}.Release|Any CPU.Build.0 = Release|Any CPU
		{795AED07-E664-4FC1-B51C-26CCB6AA38D6}.Debug|Any CPU.ActiveCfg = Debug|Any CPU
		{795AED07-E664-4FC1-B51C-26CCB6AA38D6}.Debug|Any CPU.Build.0 = Debug|Any CPU
		{795AED07-E664-4FC1-B51C-26CCB6AA38D6}.Release|Any CPU.ActiveCfg = Release|Any CPU
		{795AED07-E664-4FC1-B51C-26CCB6AA38D6}.Release|Any CPU.Build.0 = Release|Any CPU
		{1506BF0E-A0BF-4CB8-B034-A05DCBA8AC9D}.Debug|Any CPU.ActiveCfg = Debug|Any CPU
		{1506BF0E-A0BF-4CB8-B034-A05DCBA8AC9D}.Debug|Any CPU.Build.0 = Debug|Any CPU
		{1506BF0E-A0BF-4CB8-B034-A05DCBA8AC9D}.Release|Any CPU.ActiveCfg = Release|Any CPU
		{1506BF0E-A0BF-4CB8-B034-A05DCBA8AC9D}.Release|Any CPU.Build.0 = Release|Any CPU
		{0BB25285-E2D4-44C6-BDCF-617A84A9DB8A}.Debug|Any CPU.ActiveCfg = Debug|Any CPU
		{0BB25285-E2D4-44C6-BDCF-617A84A9DB8A}.Debug|Any CPU.Build.0 = Debug|Any CPU
		{0BB25285-E2D4-44C6-BDCF-617A84A9DB8A}.Release|Any CPU.ActiveCfg = Release|Any CPU
		{0BB25285-E2D4-44C6-BDCF-617A84A9DB8A}.Release|Any CPU.Build.0 = Release|Any CPU
		{91152DA3-31BE-4058-B629-439CB5C3C8EB}.Debug|Any CPU.ActiveCfg = Debug|Any CPU
		{91152DA3-31BE-4058-B629-439CB5C3C8EB}.Debug|Any CPU.Build.0 = Debug|Any CPU
		{91152DA3-31BE-4058-B629-439CB5C3C8EB}.Release|Any CPU.ActiveCfg = Release|Any CPU
		{91152DA3-31BE-4058-B629-439CB5C3C8EB}.Release|Any CPU.Build.0 = Release|Any CPU
		{F43B0EE0-7E1B-47E9-8FE8-40134E28D7BA}.Debug|Any CPU.ActiveCfg = Debug|Any CPU
		{F43B0EE0-7E1B-47E9-8FE8-40134E28D7BA}.Debug|Any CPU.Build.0 = Debug|Any CPU
		{F43B0EE0-7E1B-47E9-8FE8-40134E28D7BA}.Release|Any CPU.ActiveCfg = Release|Any CPU
		{F43B0EE0-7E1B-47E9-8FE8-40134E28D7BA}.Release|Any CPU.Build.0 = Release|Any CPU
	EndGlobalSection
	GlobalSection(SolutionProperties) = preSolution
		HideSolutionNode = FALSE
	EndGlobalSection
	GlobalSection(NestedProjects) = preSolution
		{2C234FC4-D910-46B4-AB80-3319A788B812} = {02EA681E-C7D8-13C7-8484-4AC65E1B71E8}
		{12DD28A7-BA4C-4F29-9BE5-4AF7B255BF80} = {FAF03F00-54B5-46D2-9B68-729E31025DAD}
		{B313F127-A891-495E-A0A2-215B3C090F40} = {40CF36CA-C262-4E51-BF2F-052CCB49DD59}
		{D27AC879-BBD4-4824-AB5D-237B0CADBB72} = {40CF36CA-C262-4E51-BF2F-052CCB49DD59}
		{373ACDCB-1352-4D1A-B8BE-516DAAAF6B36} = {40CF36CA-C262-4E51-BF2F-052CCB49DD59}
		{533097A3-BBA3-4BEF-A270-8E7527EC7BA6} = {43AA742B-4C7D-499A-9C3F-4B77018F5E84}
		{8F27190B-FFB1-4156-A42A-2686F80A0170} = {43AA742B-4C7D-499A-9C3F-4B77018F5E84}
		{4EDDCA59-FBBE-4ADA-893D-72E2ACD657B2} = {43AA742B-4C7D-499A-9C3F-4B77018F5E84}
		{2B00BF32-289B-43CF-B564-F9CEA6D3481D} = {17BF5133-8867-4D17-B19F-FB6C19F7D0E3}
		{F590EC9A-F1EB-4820-B029-E893C754CF6C} = {17BF5133-8867-4D17-B19F-FB6C19F7D0E3}
		{8FA86DFA-EE90-40B8-97F8-F93A27316517} = {17BF5133-8867-4D17-B19F-FB6C19F7D0E3}
		{DDD95E90-4C14-44C7-A3A2-B431AE06447E} = {8876FFE6-DB47-4335-AB56-76655D9AA190}
		{7B9AC6BB-A65D-4985-BEF0-4F2BCCB99AEA} = {8876FFE6-DB47-4335-AB56-76655D9AA190}
		{D022D1B7-E975-4DF1-A2D3-34E2D4D71B0F} = {8876FFE6-DB47-4335-AB56-76655D9AA190}
		{75187558-D6B5-40D3-9E14-F747FB65ED3E} = {AE03354D-6E5A-4EB9-9A9A-30DF6DB6EAD9}
		{795AED07-E664-4FC1-B51C-26CCB6AA38D6} = {AE03354D-6E5A-4EB9-9A9A-30DF6DB6EAD9}
		{1506BF0E-A0BF-4CB8-B034-A05DCBA8AC9D} = {AE03354D-6E5A-4EB9-9A9A-30DF6DB6EAD9}
		{0BB25285-E2D4-44C6-BDCF-617A84A9DB8A} = {9AC2660F-0885-4250-9323-CA5002CF0E06}
		{91152DA3-31BE-4058-B629-439CB5C3C8EB} = {9AC2660F-0885-4250-9323-CA5002CF0E06}
		{F43B0EE0-7E1B-47E9-8FE8-40134E28D7BA} = {9AC2660F-0885-4250-9323-CA5002CF0E06}
	EndGlobalSection
	GlobalSection(ExtensibilityGlobals) = postSolution
		SolutionGuid = {13D165E5-C27D-4E23-9733-C34F00F7834B}
	EndGlobalSection
EndGlobal
